
Microsoft Visual Studio Solution File, Format Version 12.00
# Visual Studio Version 17
VisualStudioVersion = 17.3.32929.385
MinimumVisualStudioVersion = 10.0.40219.1
Project("{FAE04EC0-301F-11D3-BF4B-00C04F79EFBC}") = "SdlMandelbrot", "SdlMandelbrot\SdlMandelbrot.csproj", "{103F168D-F187-4283-8202-5A18FF130752}"
EndProject
Global
	GlobalSection(SolutionConfigurationPlatforms) = preSolution
		Debug|Any CPU = Debug|Any CPU
		Release|Any CPU = Release|Any CPU
	EndGlobalSection
	GlobalSection(ProjectConfigurationPlatforms) = postSolution
		{103F168D-F187-4283-8202-5A18FF130752}.Debug|Any CPU.ActiveCfg = Debug|Any CPU
		{103F168D-F187-4283-8202-5A18FF130752}.Debug|Any CPU.Build.0 = Debug|Any CPU
		{103F168D-F187-4283-8202-5A18FF130752}.Release|Any CPU.ActiveCfg = Release|Any CPU
		{103F168D-F187-4283-8202-5A18FF130752}.Release|Any CPU.Build.0 = Release|Any CPU
	EndGlobalSection
	GlobalSection(SolutionProperties) = preSolution
		HideSolutionNode = FALSE
	EndGlobalSection
	GlobalSection(ExtensibilityGlobals) = postSolution
		SolutionGuid = {CAE57BFC-488B-4020-994B-44C94E3FE89C}
	EndGlobalSection
EndGlobal
